
Microsoft Visual Studio Solution File, Format Version 12.00
# Visual Studio Version 17
VisualStudioVersion = 17.10.35027.167
MinimumVisualStudioVersion = 10.0.40219.1
Project("{FAE04EC0-301F-11D3-BF4B-00C04F79EFBC}") = "22 July", "22 July\22 July.csproj", "{36F0AD61-B736-4ABB-B6B5-C29DEB0F76F7}"
EndProject
Global
	GlobalSection(SolutionConfigurationPlatforms) = preSolution
		Debug|Any CPU = Debug|Any CPU
		Release|Any CPU = Release|Any CPU
	EndGlobalSection
	GlobalSection(ProjectConfigurationPlatforms) = postSolution
		{36F0AD61-B736-4ABB-B6B5-C29DEB0F76F7}.Debug|Any CPU.ActiveCfg = Debug|Any CPU
		{36F0AD61-B736-4ABB-B6B5-C29DEB0F76F7}.Debug|Any CPU.Build.0 = Debug|Any CPU
		{36F0AD61-B736-4ABB-B6B5-C29DEB0F76F7}.Release|Any CPU.ActiveCfg = Release|Any CPU
		{36F0AD61-B736-4ABB-B6B5-C29DEB0F76F7}.Release|Any CPU.Build.0 = Release|Any CPU
	EndGlobalSection
	GlobalSection(SolutionProperties) = preSolution
		HideSolutionNode = FALSE
	EndGlobalSection
	GlobalSection(ExtensibilityGlobals) = postSolution
		SolutionGuid = {EFBB723D-6B1B-4C3F-A695-D87DA483D46A}
	EndGlobalSection
EndGlobal
