
Microsoft Visual Studio Solution File, Format Version 12.00
# Visual Studio Version 17
VisualStudioVersion = 17.11.35222.181
MinimumVisualStudioVersion = 10.0.40219.1
Project("{FAE04EC0-301F-11D3-BF4B-00C04F79EFBC}") = "school_system", "school_system\school_system.csproj", "{FDD6D011-C0E4-41C7-8995-ADC5F67B0A16}"
EndProject
Global
	GlobalSection(SolutionConfigurationPlatforms) = preSolution
		Debug|Any CPU = Debug|Any CPU
		Release|Any CPU = Release|Any CPU
	EndGlobalSection
	GlobalSection(ProjectConfigurationPlatforms) = postSolution
		{FDD6D011-C0E4-41C7-8995-ADC5F67B0A16}.Debug|Any CPU.ActiveCfg = Debug|Any CPU
		{FDD6D011-C0E4-41C7-8995-ADC5F67B0A16}.Debug|Any CPU.Build.0 = Debug|Any CPU
		{FDD6D011-C0E4-41C7-8995-ADC5F67B0A16}.Release|Any CPU.ActiveCfg = Release|Any CPU
		{FDD6D011-C0E4-41C7-8995-ADC5F67B0A16}.Release|Any CPU.Build.0 = Release|Any CPU
	EndGlobalSection
	GlobalSection(SolutionProperties) = preSolution
		HideSolutionNode = FALSE
	EndGlobalSection
	GlobalSection(ExtensibilityGlobals) = postSolution
		SolutionGuid = {86CADAFE-9191-4B44-B34E-6F9FB7A3C0F2}
	EndGlobalSection
EndGlobal
