
Microsoft Visual Studio Solution File, Format Version 12.00
# Visual Studio Version 17
VisualStudioVersion = 17.10.35027.167
MinimumVisualStudioVersion = 10.0.40219.1
Project("{FAE04EC0-301F-11D3-BF4B-00C04F79EFBC}") = "UsersData", "UsersData\UsersData.csproj", "{3E1D146C-5203-4E1B-A5FC-4483D8ED8D2B}"
EndProject
Global
	GlobalSection(SolutionConfigurationPlatforms) = preSolution
		Debug|Any CPU = Debug|Any CPU
		Release|Any CPU = Release|Any CPU
	EndGlobalSection
	GlobalSection(ProjectConfigurationPlatforms) = postSolution
		{3E1D146C-5203-4E1B-A5FC-4483D8ED8D2B}.Debug|Any CPU.ActiveCfg = Debug|Any CPU
		{3E1D146C-5203-4E1B-A5FC-4483D8ED8D2B}.Debug|Any CPU.Build.0 = Debug|Any CPU
		{3E1D146C-5203-4E1B-A5FC-4483D8ED8D2B}.Release|Any CPU.ActiveCfg = Release|Any CPU
		{3E1D146C-5203-4E1B-A5FC-4483D8ED8D2B}.Release|Any CPU.Build.0 = Release|Any CPU
	EndGlobalSection
	GlobalSection(SolutionProperties) = preSolution
		HideSolutionNode = FALSE
	EndGlobalSection
	GlobalSection(ExtensibilityGlobals) = postSolution
		SolutionGuid = {81DF6559-539A-423A-B745-E24CFE1FAD8F}
	EndGlobalSection
EndGlobal
