
Microsoft Visual Studio Solution File, Format Version 12.00
# Visual Studio Version 17
VisualStudioVersion = 17.10.35027.167
MinimumVisualStudioVersion = 10.0.40219.1
Project("{FAE04EC0-301F-11D3-BF4B-00C04F79EFBC}") = "Updated CRUD TASK", "Updated CRUD TASK\Updated CRUD TASK.csproj", "{9876D8F7-0A6F-43B0-8FB1-1353136E034F}"
EndProject
Global
	GlobalSection(SolutionConfigurationPlatforms) = preSolution
		Debug|Any CPU = Debug|Any CPU
		Release|Any CPU = Release|Any CPU
	EndGlobalSection
	GlobalSection(ProjectConfigurationPlatforms) = postSolution
		{9876D8F7-0A6F-43B0-8FB1-1353136E034F}.Debug|Any CPU.ActiveCfg = Debug|Any CPU
		{9876D8F7-0A6F-43B0-8FB1-1353136E034F}.Debug|Any CPU.Build.0 = Debug|Any CPU
		{9876D8F7-0A6F-43B0-8FB1-1353136E034F}.Release|Any CPU.ActiveCfg = Release|Any CPU
		{9876D8F7-0A6F-43B0-8FB1-1353136E034F}.Release|Any CPU.Build.0 = Release|Any CPU
	EndGlobalSection
	GlobalSection(SolutionProperties) = preSolution
		HideSolutionNode = FALSE
	EndGlobalSection
	GlobalSection(ExtensibilityGlobals) = postSolution
		SolutionGuid = {5D543E71-CBD4-45C5-8DD6-B4BA2F745902}
	EndGlobalSection
EndGlobal
