
Microsoft Visual Studio Solution File, Format Version 12.00
# Visual Studio Version 17
VisualStudioVersion = 17.10.35027.167
MinimumVisualStudioVersion = 10.0.40219.1
Project("{FAE04EC0-301F-11D3-BF4B-00C04F79EFBC}") = "29 July - Task 6", "29 July - Task 6\29 July - Task 6.csproj", "{5B664859-A3D8-4C12-A99B-9B72115C1410}"
EndProject
Global
	GlobalSection(SolutionConfigurationPlatforms) = preSolution
		Debug|Any CPU = Debug|Any CPU
		Release|Any CPU = Release|Any CPU
	EndGlobalSection
	GlobalSection(ProjectConfigurationPlatforms) = postSolution
		{5B664859-A3D8-4C12-A99B-9B72115C1410}.Debug|Any CPU.ActiveCfg = Debug|Any CPU
		{5B664859-A3D8-4C12-A99B-9B72115C1410}.Debug|Any CPU.Build.0 = Debug|Any CPU
		{5B664859-A3D8-4C12-A99B-9B72115C1410}.Release|Any CPU.ActiveCfg = Release|Any CPU
		{5B664859-A3D8-4C12-A99B-9B72115C1410}.Release|Any CPU.Build.0 = Release|Any CPU
	EndGlobalSection
	GlobalSection(SolutionProperties) = preSolution
		HideSolutionNode = FALSE
	EndGlobalSection
	GlobalSection(ExtensibilityGlobals) = postSolution
		SolutionGuid = {04501EAC-FB23-41D6-9F95-2A4E9241DB89}
	EndGlobalSection
EndGlobal
