
Microsoft Visual Studio Solution File, Format Version 12.00
# Visual Studio Version 17
VisualStudioVersion = 17.10.35027.167
MinimumVisualStudioVersion = 10.0.40219.1
Project("{FAE04EC0-301F-11D3-BF4B-00C04F79EFBC}") = "E-Commerce", "E-Commerce\E-Commerce.csproj", "{741691BA-E374-4F4D-84EF-B4C1005E7CCC}"
EndProject
Global
	GlobalSection(SolutionConfigurationPlatforms) = preSolution
		Debug|Any CPU = Debug|Any CPU
		Release|Any CPU = Release|Any CPU
	EndGlobalSection
	GlobalSection(ProjectConfigurationPlatforms) = postSolution
		{741691BA-E374-4F4D-84EF-B4C1005E7CCC}.Debug|Any CPU.ActiveCfg = Debug|Any CPU
		{741691BA-E374-4F4D-84EF-B4C1005E7CCC}.Debug|Any CPU.Build.0 = Debug|Any CPU
		{741691BA-E374-4F4D-84EF-B4C1005E7CCC}.Release|Any CPU.ActiveCfg = Release|Any CPU
		{741691BA-E374-4F4D-84EF-B4C1005E7CCC}.Release|Any CPU.Build.0 = Release|Any CPU
	EndGlobalSection
	GlobalSection(SolutionProperties) = preSolution
		HideSolutionNode = FALSE
	EndGlobalSection
	GlobalSection(ExtensibilityGlobals) = postSolution
		SolutionGuid = {8FC1DBE7-63AA-46E9-A9B5-A815E9351735}
	EndGlobalSection
EndGlobal
